
Microsoft Visual Studio Solution File, Format Version 12.00
# Visual Studio 2012
Project("{FAE04EC0-301F-11D3-BF4B-00C04F79EFBC}") = "Common", "Common\Common.csproj", "{D6490D38-AA3B-4228-9844-72DE74410257}"
EndProject
Project("{FAE04EC0-301F-11D3-BF4B-00C04F79EFBC}") = "Infrastructure.IoC.StructureMap", "Infrastructure.IOC.StructureMap\Infrastructure.IoC.StructureMap.csproj", "{C13E0B37-79C9-49F5-8FA4-ED8203249C5D}"
EndProject
Project("{FAE04EC0-301F-11D3-BF4B-00C04F79EFBC}") = "Tests", "Tests\Tests.csproj", "{AB94F5B7-6DFE-46D2-BC74-3FA792215CBF}"
EndProject
Project("{2150E333-8FDC-42A3-9474-1A3956D46DE8}") = ".nuget", ".nuget", "{4D618F8D-FFB7-4CC1-91B3-437A4AAE8030}"
	ProjectSection(SolutionItems) = preProject
		.nuget\NuGet.Config = .nuget\NuGet.Config
		.nuget\NuGet.exe = .nuget\NuGet.exe
		.nuget\NuGet.targets = .nuget\NuGet.targets
	EndProjectSection
EndProject
Project("{2150E333-8FDC-42A3-9474-1A3956D46DE8}") = "Log", "Log", "{844841F1-EBE8-4522-83C0-AD17956151C2}"
EndProject
Project("{FAE04EC0-301F-11D3-BF4B-00C04F79EFBC}") = "Log4Net", "Log\Log4Net\Log4Net.csproj", "{02DF24EA-774A-4F03-9AE5-3E3CC5D47028}"
EndProject
Project("{2150E333-8FDC-42A3-9474-1A3956D46DE8}") = "Web", "Web", "{B2C1A647-01CB-48B4-B00C-493AC4433E8C}"
EndProject
Project("{FAE04EC0-301F-11D3-BF4B-00C04F79EFBC}") = "MVC", "Web\MVC\MVC.csproj", "{71CD61CB-4BCB-4DE9-8C08-E50255703453}"
EndProject
Project("{2150E333-8FDC-42A3-9474-1A3956D46DE8}") = "Persistence", "Persistence", "{3CAE2B5C-79BF-4711-B95E-516BA58D6241}"
EndProject
Project("{FAE04EC0-301F-11D3-BF4B-00C04F79EFBC}") = "NHibernate", "Persistence\NHibernate\NHibernate.csproj", "{4B6C0803-C371-46F0-86E6-1B9CEAC183DD}"
EndProject
Global
	GlobalSection(SolutionConfigurationPlatforms) = preSolution
		Debug|Any CPU = Debug|Any CPU
		Release|Any CPU = Release|Any CPU
	EndGlobalSection
	GlobalSection(ProjectConfigurationPlatforms) = postSolution
		{D6490D38-AA3B-4228-9844-72DE74410257}.Debug|Any CPU.ActiveCfg = Debug|Any CPU
		{D6490D38-AA3B-4228-9844-72DE74410257}.Debug|Any CPU.Build.0 = Debug|Any CPU
		{D6490D38-AA3B-4228-9844-72DE74410257}.Release|Any CPU.ActiveCfg = Release|Any CPU
		{D6490D38-AA3B-4228-9844-72DE74410257}.Release|Any CPU.Build.0 = Release|Any CPU
		{C13E0B37-79C9-49F5-8FA4-ED8203249C5D}.Debug|Any CPU.ActiveCfg = Debug|Any CPU
		{C13E0B37-79C9-49F5-8FA4-ED8203249C5D}.Debug|Any CPU.Build.0 = Debug|Any CPU
		{C13E0B37-79C9-49F5-8FA4-ED8203249C5D}.Release|Any CPU.ActiveCfg = Release|Any CPU
		{C13E0B37-79C9-49F5-8FA4-ED8203249C5D}.Release|Any CPU.Build.0 = Release|Any CPU
		{AB94F5B7-6DFE-46D2-BC74-3FA792215CBF}.Debug|Any CPU.ActiveCfg = Debug|Any CPU
		{AB94F5B7-6DFE-46D2-BC74-3FA792215CBF}.Debug|Any CPU.Build.0 = Debug|Any CPU
		{AB94F5B7-6DFE-46D2-BC74-3FA792215CBF}.Release|Any CPU.ActiveCfg = Release|Any CPU
		{AB94F5B7-6DFE-46D2-BC74-3FA792215CBF}.Release|Any CPU.Build.0 = Release|Any CPU
		{02DF24EA-774A-4F03-9AE5-3E3CC5D47028}.Debug|Any CPU.ActiveCfg = Debug|Any CPU
		{02DF24EA-774A-4F03-9AE5-3E3CC5D47028}.Debug|Any CPU.Build.0 = Debug|Any CPU
		{02DF24EA-774A-4F03-9AE5-3E3CC5D47028}.Release|Any CPU.ActiveCfg = Release|Any CPU
		{02DF24EA-774A-4F03-9AE5-3E3CC5D47028}.Release|Any CPU.Build.0 = Release|Any CPU
		{71CD61CB-4BCB-4DE9-8C08-E50255703453}.Debug|Any CPU.ActiveCfg = Debug|Any CPU
		{71CD61CB-4BCB-4DE9-8C08-E50255703453}.Debug|Any CPU.Build.0 = Debug|Any CPU
		{71CD61CB-4BCB-4DE9-8C08-E50255703453}.Release|Any CPU.ActiveCfg = Release|Any CPU
		{71CD61CB-4BCB-4DE9-8C08-E50255703453}.Release|Any CPU.Build.0 = Release|Any CPU
		{4B6C0803-C371-46F0-86E6-1B9CEAC183DD}.Debug|Any CPU.ActiveCfg = Debug|Any CPU
		{4B6C0803-C371-46F0-86E6-1B9CEAC183DD}.Debug|Any CPU.Build.0 = Debug|Any CPU
		{4B6C0803-C371-46F0-86E6-1B9CEAC183DD}.Release|Any CPU.ActiveCfg = Release|Any CPU
		{4B6C0803-C371-46F0-86E6-1B9CEAC183DD}.Release|Any CPU.Build.0 = Release|Any CPU
	EndGlobalSection
	GlobalSection(SolutionProperties) = preSolution
		HideSolutionNode = FALSE
	EndGlobalSection
	GlobalSection(NestedProjects) = preSolution
		{02DF24EA-774A-4F03-9AE5-3E3CC5D47028} = {844841F1-EBE8-4522-83C0-AD17956151C2}
		{71CD61CB-4BCB-4DE9-8C08-E50255703453} = {B2C1A647-01CB-48B4-B00C-493AC4433E8C}
		{4B6C0803-C371-46F0-86E6-1B9CEAC183DD} = {3CAE2B5C-79BF-4711-B95E-516BA58D6241}
	EndGlobalSection
EndGlobal
